
Microsoft Visual Studio Solution File, Format Version 12.00
# Visual Studio Version 16
VisualStudioVersion = 16.0.30011.22
MinimumVisualStudioVersion = 10.0.40219.1
Project("{FAE04EC0-301F-11D3-BF4B-00C04F79EFBC}") = "Print_ShortestCommonSubSequence_DP_LeetCode", "Print_ShortestCommonSubSequence_DP_LeetCode\Print_ShortestCommonSubSequence_DP_LeetCode.csproj", "{6C476F0D-DC68-43A8-B371-86F280F27F0A}"
EndProject
Global
	GlobalSection(SolutionConfigurationPlatforms) = preSolution
		Debug|Any CPU = Debug|Any CPU
		Release|Any CPU = Release|Any CPU
	EndGlobalSection
	GlobalSection(ProjectConfigurationPlatforms) = postSolution
		{6C476F0D-DC68-43A8-B371-86F280F27F0A}.Debug|Any CPU.ActiveCfg = Debug|Any CPU
		{6C476F0D-DC68-43A8-B371-86F280F27F0A}.Debug|Any CPU.Build.0 = Debug|Any CPU
		{6C476F0D-DC68-43A8-B371-86F280F27F0A}.Release|Any CPU.ActiveCfg = Release|Any CPU
		{6C476F0D-DC68-43A8-B371-86F280F27F0A}.Release|Any CPU.Build.0 = Release|Any CPU
	EndGlobalSection
	GlobalSection(SolutionProperties) = preSolution
		HideSolutionNode = FALSE
	EndGlobalSection
	GlobalSection(ExtensibilityGlobals) = postSolution
		SolutionGuid = {59855A44-7510-4827-B140-346CD0B7D5BF}
	EndGlobalSection
EndGlobal
